{
  "nodes": {
    "dotfile-sync": {
      "inputs": {
        "flake-utils": "flake-utils",
        "nixpkgs": "nixpkgs"
      },
      "locked": {
        "lastModified": 1664680040,
        "narHash": "sha256-vy6oQI+eMUw/V/LoH4P6FE8qP/CmjpqPJnwroKHKY0I=",
        "ref": "refs/heads/master",
        "rev": "c7515e08348d2aa6e261ee1d399ede11aeccb12e",
        "revCount": 11,
        "type": "git",
        "url": "file:///home/chava/Documents/HaskellProjects/dotfile-sync"
      },
      "original": {
        "type": "git",
        "url": "file:///home/chava/Documents/HaskellProjects/dotfile-sync"
      }
    },
    "flake-utils": {
      "locked": {
        "lastModified": 1644229661,
        "narHash": "sha256-1YdnJAsNy69bpcjuoKdOYQX0YxZBiCYZo4Twxerqv7k=",
        "owner": "numtide",
        "repo": "flake-utils",
        "rev": "3cecb5b042f7f209c56ffd8371b2711a290ec797",
        "type": "github"
      },
      "original": {
        "owner": "numtide",
        "repo": "flake-utils",
        "type": "github"
      }
    },
    "flake-utils_2": {
      "locked": {
        "lastModified": 1644229661,
        "narHash": "sha256-1YdnJAsNy69bpcjuoKdOYQX0YxZBiCYZo4Twxerqv7k=",
        "owner": "numtide",
        "repo": "flake-utils",
        "rev": "3cecb5b042f7f209c56ffd8371b2711a290ec797",
        "type": "github"
      },
      "original": {
        "owner": "numtide",
        "repo": "flake-utils",
        "type": "github"
      }
    },
    "home-manager": {
      "inputs": {
        "nixpkgs": [
          "system-flake",
          "nixpkgs"
        ]
      },
      "locked": {
        "lastModified": 1682347289,
        "narHash": "sha256-BQHY4lzS3Tkx4XLmZPR5FSjKWMP+cKNtUM8pTC4L9Ek=",
        "owner": "nix-community",
        "repo": "home-manager",
        "rev": "0263da497eae3246ea15ed6f0f7875bc15592cef",
        "type": "github"
      },
      "original": {
        "owner": "nix-community",
        "repo": "home-manager",
        "type": "github"
      }
    },
    "localpkgs": {
      "locked": {
        "lastModified": 1682109806,
        "narHash": "sha256-d9g7RKNShMLboTWwukM+RObDWWpHKaqTYXB48clBWXI=",
        "ref": "2362848adf8def2866fabbffc50462e929d7fffb",
        "rev": "2362848adf8def2866fabbffc50462e929d7fffb",
        "revCount": 476152,
        "type": "git",
        "url": "file:///home/chava/Documents/NixProjects/nixpkgs"
      },
      "original": {
        "type": "git",
        "url": "file:///home/chava/Documents/NixProjects/nixpkgs"
      }
    },
    "localpkgs_2": {
      "locked": {
        "lastModified": 1682318649,
        "narHash": "sha256-QDkr0Vbf8pYqkqqQPzzBOFjiB2j1vEc9j/DAnKFwIw0=",
        "type": "git",
        "url": "file:///home/chava/Documents/NixProjects/nixpkgs"
      },
      "original": {
        "type": "git",
        "url": "file:///home/chava/Documents/NixProjects/nixpkgs"
      }
    },
    "nixpkgs": {
      "locked": {
        "lastModified": 1642069818,
        "narHash": "sha256-666w6j8wl/bojfgpp0k58/UJ5rbrdYFbI2RFT2BXbSQ=",
        "owner": "NixOS",
        "repo": "nixpkgs",
        "rev": "46821ea01c8f54d2a20f5a503809abfc605269d7",
        "type": "github"
      },
      "original": {
        "owner": "NixOS",
        "repo": "nixpkgs",
        "rev": "46821ea01c8f54d2a20f5a503809abfc605269d7",
        "type": "github"
      }
    },
    "nixpkgs_2": {
      "locked": {
        "lastModified": 1682181988,
        "narHash": "sha256-CYWhlNi16cjGzMby9h57gpYE59quBcsHPXiFgX4Sw5k=",
        "owner": "NixOS",
        "repo": "nixpkgs",
        "rev": "6c43a3495a11e261e5f41e5d7eda2d71dae1b2fe",
        "type": "github"
      },
      "original": {
        "owner": "NixOS",
        "ref": "nixos-unstable",
        "repo": "nixpkgs",
        "type": "github"
      }
    },
    "nixpkgs_3": {
      "locked": {
        "lastModified": 1644613700,
        "narHash": "sha256-wLRPJclMH8vsHuFtyI78aF09lw5mbi3lMB6uiK5S2wE=",
        "owner": "NixOS",
        "repo": "nixpkgs",
        "rev": "23d785aa6f853e6cf3430119811c334025bbef55",
        "type": "github"
      },
      "original": {
        "owner": "NixOS",
        "repo": "nixpkgs",
        "rev": "23d785aa6f853e6cf3430119811c334025bbef55",
        "type": "github"
      }
    },
    "nur": {
      "locked": {
        "lastModified": 1682377591,
        "narHash": "sha256-vImd96mh9st8acsFqjzFQHFJl8vb8GFjr8SpE2OvD58=",
        "owner": "nix-community",
        "repo": "NUR",
        "rev": "b1c37157cc6b86400f3cfcee033f4edc307ced42",
        "type": "github"
      },
      "original": {
        "owner": "nix-community",
        "repo": "NUR",
        "type": "github"
      }
    },
    "root": {
      "inputs": {
        "home-manager": "home-manager",
        "localpkgs": "localpkgs",
        "nixpkgs": [
          "system-flake",
          "nixpkgs"
        ],
        "system-flake": "system-flake"
      }
    },
    "system-flake": {
      "inputs": {
        "dotfile-sync": "dotfile-sync",
        "localpkgs": "localpkgs_2",
        "nixpkgs": "nixpkgs_2",
        "nur": "nur",
        "whitesur-kde": "whitesur-kde"
      },
      "locked": {
        "lastModified": 1682379267,
        "narHash": "sha256-P+Chd2WlRz661f0DujeCEypw87TFu9LWJXcXjY8L8Ss=",
        "path": "/etc/nixos",
        "type": "path"
      },
      "original": {
        "path": "/etc/nixos",
        "type": "path"
      }
    },
    "whitesur-kde": {
      "inputs": {
        "flake-utils": "flake-utils_2",
        "nixpkgs": "nixpkgs_3"
      },
      "locked": {
        "lastModified": 1653102286,
        "narHash": "sha256-HKUiNcgh47dM1nwCsEMAtB22JceNpwJ8gRqRJB8qH1E=",
        "ref": "refs/heads/master",
        "rev": "60a520be9b114c54251e5ca687e1c5724adac272",
        "revCount": 1,
        "type": "git",
        "url": "file:///home/chava/Documents/NixProjects/whitesur-kde-theme"
      },
      "original": {
        "type": "git",
        "url": "file:///home/chava/Documents/NixProjects/whitesur-kde-theme"
      }
    }
  },
  "root": "root",
  "version": 7
}
