{
  "nodes": {
    "LuisChDev": {
      "inputs": {
        "nixpkgs": "nixpkgs"
      },
      "locked": {
        "lastModified": 1684625313,
        "narHash": "sha256-K+Qq5wC/AN0h6mvFDuXYT1lCtz4hp/Uxg5fXdrTrA3Q=",
        "ref": "refs/heads/master",
        "rev": "08e36a896c42c8e75e79a9013d3e8d50c171d617",
        "revCount": 14,
        "type": "git",
        "url": "file:///home/chava/Documents/NixProjects/nur-packages"
      },
      "original": {
        "type": "git",
        "url": "file:///home/chava/Documents/NixProjects/nur-packages"
      }
    },
    "flake-utils": {
      "locked": {
        "lastModified": 1644229661,
        "narHash": "sha256-1YdnJAsNy69bpcjuoKdOYQX0YxZBiCYZo4Twxerqv7k=",
        "owner": "numtide",
        "repo": "flake-utils",
        "rev": "3cecb5b042f7f209c56ffd8371b2711a290ec797",
        "type": "github"
      },
      "original": {
        "owner": "numtide",
        "repo": "flake-utils",
        "type": "github"
      }
    },
    "nixpkgs": {
      "locked": {
        "lastModified": 1682109806,
        "narHash": "sha256-d9g7RKNShMLboTWwukM+RObDWWpHKaqTYXB48clBWXI=",
        "owner": "NixOS",
        "repo": "nixpkgs",
        "rev": "2362848adf8def2866fabbffc50462e929d7fffb",
        "type": "github"
      },
      "original": {
        "owner": "NixOS",
        "ref": "nixpkgs-unstable",
        "repo": "nixpkgs",
        "type": "github"
      }
    },
    "nixpkgs_2": {
      "locked": {
        "lastModified": 1726755586,
        "narHash": "sha256-PmUr/2GQGvFTIJ6/Tvsins7Q43KTMvMFhvG6oaYK+Wk=",
        "owner": "NixOS",
        "repo": "nixpkgs",
        "rev": "c04d5652cfa9742b1d519688f65d1bbccea9eb7e",
        "type": "github"
      },
      "original": {
        "owner": "NixOS",
        "ref": "nixos-unstable",
        "repo": "nixpkgs",
        "type": "github"
      }
    },
    "nur": {
      "locked": {
        "lastModified": 1726974085,
        "narHash": "sha256-qtBMoKYNR4kI+Ci+82Ha2GIRCPXMqnXqh/9UDVNvEIk=",
        "owner": "nix-community",
        "repo": "NUR",
        "rev": "e919ee9d449b52b4b6c2566f6e30f68afb99a990",
        "type": "github"
      },
      "original": {
        "owner": "nix-community",
        "repo": "NUR",
        "type": "github"
      }
    },
    "root": {
      "inputs": {
        "LuisChDev": "LuisChDev",
        "nixpkgs": "nixpkgs_2",
        "nur": "nur",
        "whitesur-kde": "whitesur-kde"
      }
    },
    "whitesur-kde": {
      "inputs": {
        "flake-utils": "flake-utils",
        "nixpkgs": [
          "nixpkgs"
        ]
      },
      "locked": {
        "lastModified": 1653102286,
        "narHash": "sha256-HKUiNcgh47dM1nwCsEMAtB22JceNpwJ8gRqRJB8qH1E=",
        "ref": "refs/heads/master",
        "rev": "60a520be9b114c54251e5ca687e1c5724adac272",
        "revCount": 1,
        "type": "git",
        "url": "file:///home/chava/Documents/NixProjects/whitesur-kde-theme"
      },
      "original": {
        "type": "git",
        "url": "file:///home/chava/Documents/NixProjects/whitesur-kde-theme"
      }
    }
  },
  "root": "root",
  "version": 7
}
