{
  "nodes": {
    "dotfile-sync": {
      "inputs": {
        "flake-utils": "flake-utils",
        "nixpkgs": "nixpkgs"
      },
      "locked": {
        "lastModified": 1664680040,
        "narHash": "sha256-vy6oQI+eMUw/V/LoH4P6FE8qP/CmjpqPJnwroKHKY0I=",
        "ref": "refs/heads/master",
        "rev": "c7515e08348d2aa6e261ee1d399ede11aeccb12e",
        "revCount": 11,
        "type": "git",
        "url": "file:///home/chava/Documents/HaskellProjects/dotfile-sync"
      },
      "original": {
        "type": "git",
        "url": "file:///home/chava/Documents/HaskellProjects/dotfile-sync"
      }
    },
    "flake-utils": {
      "locked": {
        "lastModified": 1644229661,
        "narHash": "sha256-1YdnJAsNy69bpcjuoKdOYQX0YxZBiCYZo4Twxerqv7k=",
        "owner": "numtide",
        "repo": "flake-utils",
        "rev": "3cecb5b042f7f209c56ffd8371b2711a290ec797",
        "type": "github"
      },
      "original": {
        "owner": "numtide",
        "repo": "flake-utils",
        "type": "github"
      }
    },
    "flake-utils_2": {
      "locked": {
        "lastModified": 1644229661,
        "narHash": "sha256-1YdnJAsNy69bpcjuoKdOYQX0YxZBiCYZo4Twxerqv7k=",
        "owner": "numtide",
        "repo": "flake-utils",
        "rev": "3cecb5b042f7f209c56ffd8371b2711a290ec797",
        "type": "github"
      },
      "original": {
        "owner": "numtide",
        "repo": "flake-utils",
        "type": "github"
      }
    },
    "nixpkgs": {
      "locked": {
        "lastModified": 1642069818,
        "narHash": "sha256-666w6j8wl/bojfgpp0k58/UJ5rbrdYFbI2RFT2BXbSQ=",
        "owner": "NixOS",
        "repo": "nixpkgs",
        "rev": "46821ea01c8f54d2a20f5a503809abfc605269d7",
        "type": "github"
      },
      "original": {
        "owner": "NixOS",
        "repo": "nixpkgs",
        "rev": "46821ea01c8f54d2a20f5a503809abfc605269d7",
        "type": "github"
      }
    },
    "nixpkgs_2": {
      "locked": {
        "lastModified": 1664538465,
        "narHash": "sha256-EnlC7dDKX7X1wlnXkB1gmn9rBZQ0J9+biVTZHw//8us=",
        "owner": "NixOS",
        "repo": "nixpkgs",
        "rev": "10ecda252ce1b3b1d6403caeadbcc8f30d5ab796",
        "type": "github"
      },
      "original": {
        "owner": "NixOS",
        "ref": "nixos-unstable",
        "repo": "nixpkgs",
        "type": "github"
      }
    },
    "nixpkgs_3": {
      "locked": {
        "lastModified": 1644613700,
        "narHash": "sha256-wLRPJclMH8vsHuFtyI78aF09lw5mbi3lMB6uiK5S2wE=",
        "owner": "NixOS",
        "repo": "nixpkgs",
        "rev": "23d785aa6f853e6cf3430119811c334025bbef55",
        "type": "github"
      },
      "original": {
        "owner": "NixOS",
        "repo": "nixpkgs",
        "rev": "23d785aa6f853e6cf3430119811c334025bbef55",
        "type": "github"
      }
    },
    "root": {
      "inputs": {
        "dotfile-sync": "dotfile-sync",
        "nixpkgs": "nixpkgs_2",
        "whitesur-kde": "whitesur-kde"
      }
    },
    "whitesur-kde": {
      "inputs": {
        "flake-utils": "flake-utils_2",
        "nixpkgs": "nixpkgs_3"
      },
      "locked": {
        "lastModified": 1653102286,
        "narHash": "sha256-HKUiNcgh47dM1nwCsEMAtB22JceNpwJ8gRqRJB8qH1E=",
        "ref": "refs/heads/master",
        "rev": "60a520be9b114c54251e5ca687e1c5724adac272",
        "revCount": 1,
        "type": "git",
        "url": "file:///home/chava/Documents/NixProjects/whitesur-kde-theme"
      },
      "original": {
        "type": "git",
        "url": "file:///home/chava/Documents/NixProjects/whitesur-kde-theme"
      }
    }
  },
  "root": "root",
  "version": 7
}
